
Microsoft Visual Studio Solution File, Format Version 12.00
# Visual Studio Version 17
VisualStudioVersion = 17.9.34310.174
MinimumVisualStudioVersion = 10.0.40219.1
Project("{9A19103F-16F7-4668-BE54-9A1E7A4F7556}") = "BigMission.RedMist.Config.UI", "BigMission.RedMist.Config.UI\BigMission.RedMist.Config.UI.csproj", "{6122F2E9-79B4-4A3A-8B95-6C82C281061A}"
EndProject
Project("{9A19103F-16F7-4668-BE54-9A1E7A4F7556}") = "BigMission.RedMist.Config.UI.Desktop", "BigMission.RedMist.Config.UI.Desktop\BigMission.RedMist.Config.UI.Desktop.csproj", "{D4DE5ACE-9893-4228-AF06-4B97B3A8C27A}"
EndProject
Project("{9A19103F-16F7-4668-BE54-9A1E7A4F7556}") = "BigMission.RedMist.Config.UI.Shared", "BigMission.RedMist.Config.UI.Shared\BigMission.RedMist.Config.UI.Shared.csproj", "{F03EE44D-5F60-4741-AD59-71F6ED48A2B1}"
EndProject
Project("{9A19103F-16F7-4668-BE54-9A1E7A4F7556}") = "BigMission.RedMist.Config.Shared", "BigMission.RedMist.Config.Shared\BigMission.RedMist.Config.Shared.csproj", "{6C84BE7C-C69C-47F5-93AC-18AABC7C4B8D}"
EndProject
Project("{9A19103F-16F7-4668-BE54-9A1E7A4F7556}") = "BigMission.Avalonia.Utilities", "BigMission.Avalonia.Utilities\BigMission.Avalonia.Utilities.csproj", "{774F29F3-9620-4829-9618-4C2200DBA861}"
EndProject
Project("{2150E333-8FDC-42A3-9474-1A3956D46DE8}") = "Solution Items", "Solution Items", "{EADE85FE-6449-476B-A8E1-29B5015C9903}"
	ProjectSection(SolutionItems) = preProject
		.gitignore = .gitignore
		nuget.config = nuget.config
		pipeline-ci.yml = pipeline-ci.yml
		README.md = README.md
	EndProjectSection
EndProject
Project("{FAE04EC0-301F-11D3-BF4B-00C04F79EFBC}") = "BigMission.RedMist.Config.Shared.Tests", "BigMission.RedMist.Config.Shared.Tests\BigMission.RedMist.Config.Shared.Tests.csproj", "{BBCD616F-4130-45E9-A855-30E904388ABF}"
EndProject
Project("{FAE04EC0-301F-11D3-BF4B-00C04F79EFBC}") = "BigMission.RedMist.Config.UI.Shared.Tests", "BigMission.RedMist.Config.UI.Shared.Tests\BigMission.RedMist.Config.UI.Shared.Tests.csproj", "{5925B5E0-952E-44E8-84C3-02DF420EAAEF}"
EndProject
Global
	GlobalSection(SolutionConfigurationPlatforms) = preSolution
		Debug|Any CPU = Debug|Any CPU
		Release|Any CPU = Release|Any CPU
	EndGlobalSection
	GlobalSection(ProjectConfigurationPlatforms) = postSolution
		{6122F2E9-79B4-4A3A-8B95-6C82C281061A}.Debug|Any CPU.ActiveCfg = Debug|Any CPU
		{6122F2E9-79B4-4A3A-8B95-6C82C281061A}.Debug|Any CPU.Build.0 = Debug|Any CPU
		{6122F2E9-79B4-4A3A-8B95-6C82C281061A}.Release|Any CPU.ActiveCfg = Release|Any CPU
		{6122F2E9-79B4-4A3A-8B95-6C82C281061A}.Release|Any CPU.Build.0 = Release|Any CPU
		{D4DE5ACE-9893-4228-AF06-4B97B3A8C27A}.Debug|Any CPU.ActiveCfg = Debug|Any CPU
		{D4DE5ACE-9893-4228-AF06-4B97B3A8C27A}.Debug|Any CPU.Build.0 = Debug|Any CPU
		{D4DE5ACE-9893-4228-AF06-4B97B3A8C27A}.Release|Any CPU.ActiveCfg = Release|Any CPU
		{D4DE5ACE-9893-4228-AF06-4B97B3A8C27A}.Release|Any CPU.Build.0 = Release|Any CPU
		{F03EE44D-5F60-4741-AD59-71F6ED48A2B1}.Debug|Any CPU.ActiveCfg = Debug|Any CPU
		{F03EE44D-5F60-4741-AD59-71F6ED48A2B1}.Debug|Any CPU.Build.0 = Debug|Any CPU
		{F03EE44D-5F60-4741-AD59-71F6ED48A2B1}.Release|Any CPU.ActiveCfg = Release|Any CPU
		{F03EE44D-5F60-4741-AD59-71F6ED48A2B1}.Release|Any CPU.Build.0 = Release|Any CPU
		{6C84BE7C-C69C-47F5-93AC-18AABC7C4B8D}.Debug|Any CPU.ActiveCfg = Debug|Any CPU
		{6C84BE7C-C69C-47F5-93AC-18AABC7C4B8D}.Debug|Any CPU.Build.0 = Debug|Any CPU
		{6C84BE7C-C69C-47F5-93AC-18AABC7C4B8D}.Release|Any CPU.ActiveCfg = Release|Any CPU
		{6C84BE7C-C69C-47F5-93AC-18AABC7C4B8D}.Release|Any CPU.Build.0 = Release|Any CPU
		{774F29F3-9620-4829-9618-4C2200DBA861}.Debug|Any CPU.ActiveCfg = Debug|Any CPU
		{774F29F3-9620-4829-9618-4C2200DBA861}.Debug|Any CPU.Build.0 = Debug|Any CPU
		{774F29F3-9620-4829-9618-4C2200DBA861}.Release|Any CPU.ActiveCfg = Release|Any CPU
		{774F29F3-9620-4829-9618-4C2200DBA861}.Release|Any CPU.Build.0 = Release|Any CPU
		{BBCD616F-4130-45E9-A855-30E904388ABF}.Debug|Any CPU.ActiveCfg = Debug|Any CPU
		{BBCD616F-4130-45E9-A855-30E904388ABF}.Debug|Any CPU.Build.0 = Debug|Any CPU
		{BBCD616F-4130-45E9-A855-30E904388ABF}.Release|Any CPU.ActiveCfg = Release|Any CPU
		{BBCD616F-4130-45E9-A855-30E904388ABF}.Release|Any CPU.Build.0 = Release|Any CPU
		{5925B5E0-952E-44E8-84C3-02DF420EAAEF}.Debug|Any CPU.ActiveCfg = Debug|Any CPU
		{5925B5E0-952E-44E8-84C3-02DF420EAAEF}.Debug|Any CPU.Build.0 = Debug|Any CPU
		{5925B5E0-952E-44E8-84C3-02DF420EAAEF}.Release|Any CPU.ActiveCfg = Release|Any CPU
		{5925B5E0-952E-44E8-84C3-02DF420EAAEF}.Release|Any CPU.Build.0 = Release|Any CPU
	EndGlobalSection
	GlobalSection(SolutionProperties) = preSolution
		HideSolutionNode = FALSE
	EndGlobalSection
	GlobalSection(ExtensibilityGlobals) = postSolution
		SolutionGuid = {25BE5F7E-DF86-4162-ABF2-F9887F519101}
	EndGlobalSection
EndGlobal
